
Microsoft Visual Studio Solution File, Format Version 12.00
# Visual Studio Version 17
VisualStudioVersion = 17.8.34511.84
MinimumVisualStudioVersion = 10.0.40219.1
Project("{2150E333-8FDC-42A3-9474-1A3956D46DE8}") = "src", "src", "{907B1698-5A9E-4623-A0F4-6183A560E6FA}"
EndProject
Project("{2150E333-8FDC-42A3-9474-1A3956D46DE8}") = "Domain", "Domain", "{28A3F16E-FA50-48A1-BEB0-F8AE4583E3F8}"
EndProject
Project("{FAE04EC0-301F-11D3-BF4B-00C04F79EFBC}") = "Domain", "src\Domain\Domain.csproj", "{AA60FBA8-A4B4-4134-848D-9593494EE9AD}"
EndProject
Project("{2150E333-8FDC-42A3-9474-1A3956D46DE8}") = "Application", "Application", "{472A5C08-71BE-4A22-8C8F-D6293038CBCA}"
EndProject
Project("{FAE04EC0-301F-11D3-BF4B-00C04F79EFBC}") = "Application", "src\Application\Application.csproj", "{3C3CB7E0-D4BB-4397-BFBF-77518FBE5E18}"
EndProject
Project("{2150E333-8FDC-42A3-9474-1A3956D46DE8}") = "Infrastructure", "Infrastructure", "{B205EEE4-28F6-467A-9919-5DCD496ABC10}"
EndProject
Project("{FAE04EC0-301F-11D3-BF4B-00C04F79EFBC}") = "Infrastructure", "src\Infrastructure\Infrastructure.csproj", "{8FE0B10F-4960-4B5A-B28E-87046476EE78}"
EndProject
Project("{2150E333-8FDC-42A3-9474-1A3956D46DE8}") = "Presentation", "Presentation", "{446DF0E3-7976-4A41-9964-22DE21B8A992}"
EndProject
Project("{FAE04EC0-301F-11D3-BF4B-00C04F79EFBC}") = "WebAPI", "WebAPI\WebAPI.csproj", "{717CE08D-6429-48F6-ABD4-97A4BE062CFF}"
EndProject
Global
	GlobalSection(SolutionConfigurationPlatforms) = preSolution
		Debug|Any CPU = Debug|Any CPU
		Release|Any CPU = Release|Any CPU
	EndGlobalSection
	GlobalSection(ProjectConfigurationPlatforms) = postSolution
		{AA60FBA8-A4B4-4134-848D-9593494EE9AD}.Debug|Any CPU.ActiveCfg = Debug|Any CPU
		{AA60FBA8-A4B4-4134-848D-9593494EE9AD}.Debug|Any CPU.Build.0 = Debug|Any CPU
		{AA60FBA8-A4B4-4134-848D-9593494EE9AD}.Release|Any CPU.ActiveCfg = Release|Any CPU
		{AA60FBA8-A4B4-4134-848D-9593494EE9AD}.Release|Any CPU.Build.0 = Release|Any CPU
		{3C3CB7E0-D4BB-4397-BFBF-77518FBE5E18}.Debug|Any CPU.ActiveCfg = Debug|Any CPU
		{3C3CB7E0-D4BB-4397-BFBF-77518FBE5E18}.Debug|Any CPU.Build.0 = Debug|Any CPU
		{3C3CB7E0-D4BB-4397-BFBF-77518FBE5E18}.Release|Any CPU.ActiveCfg = Release|Any CPU
		{3C3CB7E0-D4BB-4397-BFBF-77518FBE5E18}.Release|Any CPU.Build.0 = Release|Any CPU
		{8FE0B10F-4960-4B5A-B28E-87046476EE78}.Debug|Any CPU.ActiveCfg = Debug|Any CPU
		{8FE0B10F-4960-4B5A-B28E-87046476EE78}.Debug|Any CPU.Build.0 = Debug|Any CPU
		{8FE0B10F-4960-4B5A-B28E-87046476EE78}.Release|Any CPU.ActiveCfg = Release|Any CPU
		{8FE0B10F-4960-4B5A-B28E-87046476EE78}.Release|Any CPU.Build.0 = Release|Any CPU
		{717CE08D-6429-48F6-ABD4-97A4BE062CFF}.Debug|Any CPU.ActiveCfg = Debug|Any CPU
		{717CE08D-6429-48F6-ABD4-97A4BE062CFF}.Debug|Any CPU.Build.0 = Debug|Any CPU
		{717CE08D-6429-48F6-ABD4-97A4BE062CFF}.Release|Any CPU.ActiveCfg = Release|Any CPU
		{717CE08D-6429-48F6-ABD4-97A4BE062CFF}.Release|Any CPU.Build.0 = Release|Any CPU
	EndGlobalSection
	GlobalSection(SolutionProperties) = preSolution
		HideSolutionNode = FALSE
	EndGlobalSection
	GlobalSection(NestedProjects) = preSolution
		{28A3F16E-FA50-48A1-BEB0-F8AE4583E3F8} = {907B1698-5A9E-4623-A0F4-6183A560E6FA}
		{AA60FBA8-A4B4-4134-848D-9593494EE9AD} = {28A3F16E-FA50-48A1-BEB0-F8AE4583E3F8}
		{472A5C08-71BE-4A22-8C8F-D6293038CBCA} = {907B1698-5A9E-4623-A0F4-6183A560E6FA}
		{3C3CB7E0-D4BB-4397-BFBF-77518FBE5E18} = {472A5C08-71BE-4A22-8C8F-D6293038CBCA}
		{B205EEE4-28F6-467A-9919-5DCD496ABC10} = {907B1698-5A9E-4623-A0F4-6183A560E6FA}
		{8FE0B10F-4960-4B5A-B28E-87046476EE78} = {B205EEE4-28F6-467A-9919-5DCD496ABC10}
		{446DF0E3-7976-4A41-9964-22DE21B8A992} = {907B1698-5A9E-4623-A0F4-6183A560E6FA}
		{717CE08D-6429-48F6-ABD4-97A4BE062CFF} = {446DF0E3-7976-4A41-9964-22DE21B8A992}
	EndGlobalSection
	GlobalSection(ExtensibilityGlobals) = postSolution
		SolutionGuid = {73FC48D5-BAD3-40AC-AB0C-397796C74B33}
	EndGlobalSection
EndGlobal
